// !$*UTF8*$!
{
	archiveVersion = 1;
	classes = {
	};
	objectVersion = 46;
	objects = {

/* Begin PBXBuildFile section */
		9C1BCAB419EB5D9300DA4CBF /* netview_icon_alt.png in Resources */ = {isa = PBXBuildFile; fileRef = 9C1BCAB219EB5D9300DA4CBF /* netview_icon_alt.png */; };
		9C1BCAB719EB5E5400DA4CBF /* netview_icon.png in Resources */ = {isa = PBXBuildFile; fileRef = 9C1BCAB619EB5E5400DA4CBF /* netview_icon.png */; };
		9C4328D619ECC09D00922AA0 /* netview.icns in Resources */ = {isa = PBXBuildFile; fileRef = 9C4328D519ECC09D00922AA0 /* netview.icns */; };
		9C4328D819ECC60E00922AA0 /* Images.xcassets in Resources */ = {isa = PBXBuildFile; fileRef = 9C4328D719ECC60E00922AA0 /* Images.xcassets */; };
		9CC5D19719E8E0C20009BA43 /* main.m in Sources */ = {isa = PBXBuildFile; fileRef = 9CC5D19619E8E0C20009BA43 /* main.m */; };
		9CC5D19A19E8E0C20009BA43 /* AppDelegate.m in Sources */ = {isa = PBXBuildFile; fileRef = 9CC5D19919E8E0C20009BA43 /* AppDelegate.m */; };
		9CC5D19F19E8E0C20009BA43 /* MainMenu.xib in Resources */ = {isa = PBXBuildFile; fileRef = 9CC5D19D19E8E0C20009BA43 /* MainMenu.xib */; };
		9CC5D1AB19E8E0C20009BA43 /* NetViewTests.m in Sources */ = {isa = PBXBuildFile; fileRef = 9CC5D1AA19E8E0C20009BA43 /* NetViewTests.m */; };
/* End PBXBuildFile section */

/* Begin PBXContainerItemProxy section */
		9CC5D1A519E8E0C20009BA43 /* PBXContainerItemProxy */ = {
			isa = PBXContainerItemProxy;
			containerPortal = 9CC5D18919E8E0C20009BA43 /* Project object */;
			proxyType = 1;
			remoteGlobalIDString = 9CC5D19019E8E0C20009BA43;
			remoteInfo = NetView;
		};
/* End PBXContainerItemProxy section */

/* Begin PBXFileReference section */
		9C1BCAB219EB5D9300DA4CBF /* netview_icon_alt.png */ = {isa = PBXFileReference; lastKnownFileType = image.png; path = netview_icon_alt.png; sourceTree = "<group>"; };
		9C1BCAB619EB5E5400DA4CBF /* netview_icon.png */ = {isa = PBXFileReference; lastKnownFileType = image.png; path = netview_icon.png; sourceTree = "<group>"; };
		9C4328CD19EC89C000922AA0 /* NetView.entitlements */ = {isa = PBXFileReference; lastKnownFileType = text.xml; path = NetView.entitlements; sourceTree = "<group>"; };
		9C4328D519ECC09D00922AA0 /* netview.icns */ = {isa = PBXFileReference; lastKnownFileType = image.icns; path = netview.icns; sourceTree = "<group>"; };
		9C4328D719ECC60E00922AA0 /* Images.xcassets */ = {isa = PBXFileReference; lastKnownFileType = folder.assetcatalog; path = Images.xcassets; sourceTree = "<group>"; };
		9CC5D19119E8E0C20009BA43 /* NetView.app */ = {isa = PBXFileReference; explicitFileType = wrapper.application; includeInIndex = 0; path = NetView.app; sourceTree = BUILT_PRODUCTS_DIR; };
		9CC5D19519E8E0C20009BA43 /* Info.plist */ = {isa = PBXFileReference; lastKnownFileType = text.plist.xml; path = Info.plist; sourceTree = "<group>"; };
		9CC5D19619E8E0C20009BA43 /* main.m */ = {isa = PBXFileReference; lastKnownFileType = sourcecode.c.objc; path = main.m; sourceTree = "<group>"; };
		9CC5D19819E8E0C20009BA43 /* AppDelegate.h */ = {isa = PBXFileReference; lastKnownFileType = sourcecode.c.h; path = AppDelegate.h; sourceTree = "<group>"; };
		9CC5D19919E8E0C20009BA43 /* AppDelegate.m */ = {isa = PBXFileReference; lastKnownFileType = sourcecode.c.objc; path = AppDelegate.m; sourceTree = "<group>"; };
		9CC5D19E19E8E0C20009BA43 /* Base */ = {isa = PBXFileReference; lastKnownFileType = file.xib; name = Base; path = Base.lproj/MainMenu.xib; sourceTree = "<group>"; };
		9CC5D1A419E8E0C20009BA43 /* NetViewTests.xctest */ = {isa = PBXFileReference; explicitFileType = wrapper.cfbundle; includeInIndex = 0; path = NetViewTests.xctest; sourceTree = BUILT_PRODUCTS_DIR; };
		9CC5D1A919E8E0C20009BA43 /* Info.plist */ = {isa = PBXFileReference; lastKnownFileType = text.plist.xml; path = Info.plist; sourceTree = "<group>"; };
		9CC5D1AA19E8E0C20009BA43 /* NetViewTests.m */ = {isa = PBXFileReference; lastKnownFileType = sourcecode.c.objc; path = NetViewTests.m; sourceTree = "<group>"; };
/* End PBXFileReference section */

/* Begin PBXFrameworksBuildPhase section */
		9CC5D18E19E8E0C20009BA43 /* Frameworks */ = {
			isa = PBXFrameworksBuildPhase;
			buildActionMask = 2147483647;
			files = (
			);
			runOnlyForDeploymentPostprocessing = 0;
		};
		9CC5D1A119E8E0C20009BA43 /* Frameworks */ = {
			isa = PBXFrameworksBuildPhase;
			buildActionMask = 2147483647;
			files = (
			);
			runOnlyForDeploymentPostprocessing = 0;
		};
/* End PBXFrameworksBuildPhase section */

/* Begin PBXGroup section */
		9CC5D18819E8E0C20009BA43 = {
			isa = PBXGroup;
			children = (
				9CC5D19319E8E0C20009BA43 /* NetView */,
				9CC5D1A719E8E0C20009BA43 /* NetViewTests */,
				9CC5D19219E8E0C20009BA43 /* Products */,
			);
			sourceTree = "<group>";
		};
		9CC5D19219E8E0C20009BA43 /* Products */ = {
			isa = PBXGroup;
			children = (
				9CC5D19119E8E0C20009BA43 /* NetView.app */,
				9CC5D1A419E8E0C20009BA43 /* NetViewTests.xctest */,
			);
			name = Products;
			sourceTree = "<group>";
		};
		9CC5D19319E8E0C20009BA43 /* NetView */ = {
			isa = PBXGroup;
			children = (
				9C4328D519ECC09D00922AA0 /* netview.icns */,
				9C4328D719ECC60E00922AA0 /* Images.xcassets */,
				9C4328CD19EC89C000922AA0 /* NetView.entitlements */,
				9C1BCAB619EB5E5400DA4CBF /* netview_icon.png */,
				9C1BCAB219EB5D9300DA4CBF /* netview_icon_alt.png */,
				9CC5D19819E8E0C20009BA43 /* AppDelegate.h */,
				9CC5D19919E8E0C20009BA43 /* AppDelegate.m */,
				9CC5D19D19E8E0C20009BA43 /* MainMenu.xib */,
				9CC5D19419E8E0C20009BA43 /* Supporting Files */,
			);
			path = NetView;
			sourceTree = "<group>";
		};
		9CC5D19419E8E0C20009BA43 /* Supporting Files */ = {
			isa = PBXGroup;
			children = (
				9CC5D19519E8E0C20009BA43 /* Info.plist */,
				9CC5D19619E8E0C20009BA43 /* main.m */,
			);
			name = "Supporting Files";
			sourceTree = "<group>";
		};
		9CC5D1A719E8E0C20009BA43 /* NetViewTests */ = {
			isa = PBXGroup;
			children = (
				9CC5D1AA19E8E0C20009BA43 /* NetViewTests.m */,
				9CC5D1A819E8E0C20009BA43 /* Supporting Files */,
			);
			path = NetViewTests;
			sourceTree = "<group>";
		};
		9CC5D1A819E8E0C20009BA43 /* Supporting Files */ = {
			isa = PBXGroup;
			children = (
				9CC5D1A919E8E0C20009BA43 /* Info.plist */,
			);
			name = "Supporting Files";
			sourceTree = "<group>";
		};
/* End PBXGroup section */

/* Begin PBXNativeTarget section */
		9CC5D19019E8E0C20009BA43 /* NetView */ = {
			isa = PBXNativeTarget;
			buildConfigurationList = 9CC5D1AE19E8E0C20009BA43 /* Build configuration list for PBXNativeTarget "NetView" */;
			buildPhases = (
				9CC5D18D19E8E0C20009BA43 /* Sources */,
				9CC5D18E19E8E0C20009BA43 /* Frameworks */,
				9CC5D18F19E8E0C20009BA43 /* Resources */,
			);
			buildRules = (
			);
			dependencies = (
			);
			name = NetView;
			productName = NetView;
			productReference = 9CC5D19119E8E0C20009BA43 /* NetView.app */;
			productType = "com.apple.product-type.application";
		};
		9CC5D1A319E8E0C20009BA43 /* NetViewTests */ = {
			isa = PBXNativeTarget;
			buildConfigurationList = 9CC5D1B119E8E0C20009BA43 /* Build configuration list for PBXNativeTarget "NetViewTests" */;
			buildPhases = (
				9CC5D1A019E8E0C20009BA43 /* Sources */,
				9CC5D1A119E8E0C20009BA43 /* Frameworks */,
				9CC5D1A219E8E0C20009BA43 /* Resources */,
			);
			buildRules = (
			);
			dependencies = (
				9CC5D1A619E8E0C20009BA43 /* PBXTargetDependency */,
			);
			name = NetViewTests;
			productName = NetViewTests;
			productReference = 9CC5D1A419E8E0C20009BA43 /* NetViewTests.xctest */;
			productType = "com.apple.product-type.bundle.unit-test";
		};
/* End PBXNativeTarget section */

/* Begin PBXProject section */
		9CC5D18919E8E0C20009BA43 /* Project object */ = {
			isa = PBXProject;
			attributes = {
				LastUpgradeCheck = 0600;
				ORGANIZATIONNAME = "Wright Labs";
				TargetAttributes = {
					9CC5D19019E8E0C20009BA43 = {
						CreatedOnToolsVersion = 6.0;
						DevelopmentTeam = YXXTL58Y97;
						SystemCapabilities = {
							com.apple.Sandbox = {
								enabled = 1;
							};
						};
					};
					9CC5D1A319E8E0C20009BA43 = {
						CreatedOnToolsVersion = 6.0;
						TestTargetID = 9CC5D19019E8E0C20009BA43;
					};
				};
			};
			buildConfigurationList = 9CC5D18C19E8E0C20009BA43 /* Build configuration list for PBXProject "NetView" */;
			compatibilityVersion = "Xcode 3.2";
			developmentRegion = English;
			hasScannedForEncodings = 0;
			knownRegions = (
				en,
				Base,
			);
			mainGroup = 9CC5D18819E8E0C20009BA43;
			productRefGroup = 9CC5D19219E8E0C20009BA43 /* Products */;
			projectDirPath = "";
			projectRoot = "";
			targets = (
				9CC5D19019E8E0C20009BA43 /* NetView */,
				9CC5D1A319E8E0C20009BA43 /* NetViewTests */,
			);
		};
/* End PBXProject section */

/* Begin PBXResourcesBuildPhase section */
		9CC5D18F19E8E0C20009BA43 /* Resources */ = {
			isa = PBXResourcesBuildPhase;
			buildActionMask = 2147483647;
			files = (
				9C4328D619ECC09D00922AA0 /* netview.icns in Resources */,
				9CC5D19F19E8E0C20009BA43 /* MainMenu.xib in Resources */,
				9C1BCAB719EB5E5400DA4CBF /* netview_icon.png in Resources */,
				9C4328D819ECC60E00922AA0 /* Images.xcassets in Resources */,
				9C1BCAB419EB5D9300DA4CBF /* netview_icon_alt.png in Resources */,
			);
			runOnlyForDeploymentPostprocessing = 0;
		};
		9CC5D1A219E8E0C20009BA43 /* Resources */ = {
			isa = PBXResourcesBuildPhase;
			buildActionMask = 2147483647;
			files = (
			);
			runOnlyForDeploymentPostprocessing = 0;
		};
/* End PBXResourcesBuildPhase section */

/* Begin PBXSourcesBuildPhase section */
		9CC5D18D19E8E0C20009BA43 /* Sources */ = {
			isa = PBXSourcesBuildPhase;
			buildActionMask = 2147483647;
			files = (
				9CC5D19A19E8E0C20009BA43 /* AppDelegate.m in Sources */,
				9CC5D19719E8E0C20009BA43 /* main.m in Sources */,
			);
			runOnlyForDeploymentPostprocessing = 0;
		};
		9CC5D1A019E8E0C20009BA43 /* Sources */ = {
			isa = PBXSourcesBuildPhase;
			buildActionMask = 2147483647;
			files = (
				9CC5D1AB19E8E0C20009BA43 /* NetViewTests.m in Sources */,
			);
			runOnlyForDeploymentPostprocessing = 0;
		};
/* End PBXSourcesBuildPhase section */

/* Begin PBXTargetDependency section */
		9CC5D1A619E8E0C20009BA43 /* PBXTargetDependency */ = {
			isa = PBXTargetDependency;
			target = 9CC5D19019E8E0C20009BA43 /* NetView */;
			targetProxy = 9CC5D1A519E8E0C20009BA43 /* PBXContainerItemProxy */;
		};
/* End PBXTargetDependency section */

/* Begin PBXVariantGroup section */
		9CC5D19D19E8E0C20009BA43 /* MainMenu.xib */ = {
			isa = PBXVariantGroup;
			children = (
				9CC5D19E19E8E0C20009BA43 /* Base */,
			);
			name = MainMenu.xib;
			sourceTree = "<group>";
		};
/* End PBXVariantGroup section */

/* Begin XCBuildConfiguration section */
		9CC5D1AC19E8E0C20009BA43 /* Debug */ = {
			isa = XCBuildConfiguration;
			buildSettings = {
				ALWAYS_SEARCH_USER_PATHS = NO;
				CLANG_CXX_LANGUAGE_STANDARD = "gnu++0x";
				CLANG_CXX_LIBRARY = "libc++";
				CLANG_ENABLE_MODULES = YES;
				CLANG_ENABLE_OBJC_ARC = YES;
				CLANG_WARN_BOOL_CONVERSION = YES;
				CLANG_WARN_CONSTANT_CONVERSION = YES;
				CLANG_WARN_DIRECT_OBJC_ISA_USAGE = YES_ERROR;
				CLANG_WARN_EMPTY_BODY = YES;
				CLANG_WARN_ENUM_CONVERSION = YES;
				CLANG_WARN_INT_CONVERSION = YES;
				CLANG_WARN_OBJC_ROOT_CLASS = YES_ERROR;
				CLANG_WARN_UNREACHABLE_CODE = YES;
				CLANG_WARN__DUPLICATE_METHOD_MATCH = YES;
				CODE_SIGN_IDENTITY = "-";
				COPY_PHASE_STRIP = NO;
				ENABLE_STRICT_OBJC_MSGSEND = YES;
				GCC_C_LANGUAGE_STANDARD = gnu99;
				GCC_DYNAMIC_NO_PIC = NO;
				GCC_OPTIMIZATION_LEVEL = 0;
				GCC_PREPROCESSOR_DEFINITIONS = (
					"DEBUG=1",
					"$(inherited)",
				);
				GCC_SYMBOLS_PRIVATE_EXTERN = NO;
				GCC_WARN_64_TO_32_BIT_CONVERSION = YES;
				GCC_WARN_ABOUT_RETURN_TYPE = YES_ERROR;
				GCC_WARN_UNDECLARED_SELECTOR = YES;
				GCC_WARN_UNINITIALIZED_AUTOS = YES_AGGRESSIVE;
				GCC_WARN_UNUSED_FUNCTION = YES;
				GCC_WARN_UNUSED_VARIABLE = YES;
				MACOSX_DEPLOYMENT_TARGET = 10.10;
				MTL_ENABLE_DEBUG_INFO = YES;
				ONLY_ACTIVE_ARCH = YES;
				SDKROOT = macosx;
			};
			name = Debug;
		};
		9CC5D1AD19E8E0C20009BA43 /* Release */ = {
			isa = XCBuildConfiguration;
			buildSettings = {
				ALWAYS_SEARCH_USER_PATHS = NO;
				CLANG_CXX_LANGUAGE_STANDARD = "gnu++0x";
				CLANG_CXX_LIBRARY = "libc++";
				CLANG_ENABLE_MODULES = YES;
				CLANG_ENABLE_OBJC_ARC = YES;
				CLANG_WARN_BOOL_CONVERSION = YES;
				CLANG_WARN_CONSTANT_CONVERSION = YES;
				CLANG_WARN_DIRECT_OBJC_ISA_USAGE = YES_ERROR;
				CLANG_WARN_EMPTY_BODY = YES;
				CLANG_WARN_ENUM_CONVERSION = YES;
				CLANG_WARN_INT_CONVERSION = YES;
				CLANG_WARN_OBJC_ROOT_CLASS = YES_ERROR;
				CLANG_WARN_UNREACHABLE_CODE = YES;
				CLANG_WARN__DUPLICATE_METHOD_MATCH = YES;
				CODE_SIGN_IDENTITY = "-";
				COPY_PHASE_STRIP = YES;
				DEBUG_INFORMATION_FORMAT = "dwarf-with-dsym";
				ENABLE_NS_ASSERTIONS = NO;
				ENABLE_STRICT_OBJC_MSGSEND = YES;
				GCC_C_LANGUAGE_STANDARD = gnu99;
				GCC_WARN_64_TO_32_BIT_CONVERSION = YES;
				GCC_WARN_ABOUT_RETURN_TYPE = YES_ERROR;
				GCC_WARN_UNDECLARED_SELECTOR = YES;
				GCC_WARN_UNINITIALIZED_AUTOS = YES_AGGRESSIVE;
				GCC_WARN_UNUSED_FUNCTION = YES;
				GCC_WARN_UNUSED_VARIABLE = YES;
				MACOSX_DEPLOYMENT_TARGET = 10.10;
				MTL_ENABLE_DEBUG_INFO = NO;
				SDKROOT = macosx;
			};
			name = Release;
		};
		9CC5D1AF19E8E0C20009BA43 /* Debug */ = {
			isa = XCBuildConfiguration;
			buildSettings = {
				ASSETCATALOG_COMPILER_APPICON_NAME = AppIcon;
				CLANG_ENABLE_OBJC_ARC = YES;
				CODE_SIGN_ENTITLEMENTS = NetView/NetView.entitlements;
				CODE_SIGN_IDENTITY = "Developer ID Application";
				COMBINE_HIDPI_IMAGES = YES;
				INFOPLIST_FILE = NetView/Info.plist;
				LD_RUNPATH_SEARCH_PATHS = "$(inherited) @executable_path/../Frameworks";
				MACOSX_DEPLOYMENT_TARGET = 10.9;
				PRODUCT_NAME = "$(TARGET_NAME)";
			};
			name = Debug;
		};
		9CC5D1B019E8E0C20009BA43 /* Release */ = {
			isa = XCBuildConfiguration;
			buildSettings = {
				ASSETCATALOG_COMPILER_APPICON_NAME = AppIcon;
				CLANG_ENABLE_OBJC_ARC = YES;
				CODE_SIGN_ENTITLEMENTS = NetView/NetView.entitlements;
				CODE_SIGN_IDENTITY = "Developer ID Application";
				COMBINE_HIDPI_IMAGES = YES;
				INFOPLIST_FILE = NetView/Info.plist;
				LD_RUNPATH_SEARCH_PATHS = "$(inherited) @executable_path/../Frameworks";
				MACOSX_DEPLOYMENT_TARGET = 10.9;
				PRODUCT_NAME = "$(TARGET_NAME)";
			};
			name = Release;
		};
		9CC5D1B219E8E0C20009BA43 /* Debug */ = {
			isa = XCBuildConfiguration;
			buildSettings = {
				BUNDLE_LOADER = "$(TEST_HOST)";
				COMBINE_HIDPI_IMAGES = YES;
				FRAMEWORK_SEARCH_PATHS = (
					"$(DEVELOPER_FRAMEWORKS_DIR)",
					"$(inherited)",
				);
				GCC_PREPROCESSOR_DEFINITIONS = (
					"DEBUG=1",
					"$(inherited)",
				);
				INFOPLIST_FILE = NetViewTests/Info.plist;
				LD_RUNPATH_SEARCH_PATHS = "$(inherited) @executable_path/../Frameworks @loader_path/../Frameworks";
				MACOSX_DEPLOYMENT_TARGET = 10.9;
				PRODUCT_NAME = "$(TARGET_NAME)";
				TEST_HOST = "$(BUILT_PRODUCTS_DIR)/NetView.app/Contents/MacOS/NetView";
			};
			name = Debug;
		};
		9CC5D1B319E8E0C20009BA43 /* Release */ = {
			isa = XCBuildConfiguration;
			buildSettings = {
				BUNDLE_LOADER = "$(TEST_HOST)";
				COMBINE_HIDPI_IMAGES = YES;
				FRAMEWORK_SEARCH_PATHS = (
					"$(DEVELOPER_FRAMEWORKS_DIR)",
					"$(inherited)",
				);
				INFOPLIST_FILE = NetViewTests/Info.plist;
				LD_RUNPATH_SEARCH_PATHS = "$(inherited) @executable_path/../Frameworks @loader_path/../Frameworks";
				MACOSX_DEPLOYMENT_TARGET = 10.9;
				PRODUCT_NAME = "$(TARGET_NAME)";
				TEST_HOST = "$(BUILT_PRODUCTS_DIR)/NetView.app/Contents/MacOS/NetView";
			};
			name = Release;
		};
/* End XCBuildConfiguration section */

/* Begin XCConfigurationList section */
		9CC5D18C19E8E0C20009BA43 /* Build configuration list for PBXProject "NetView" */ = {
			isa = XCConfigurationList;
			buildConfigurations = (
				9CC5D1AC19E8E0C20009BA43 /* Debug */,
				9CC5D1AD19E8E0C20009BA43 /* Release */,
			);
			defaultConfigurationIsVisible = 0;
			defaultConfigurationName = Release;
		};
		9CC5D1AE19E8E0C20009BA43 /* Build configuration list for PBXNativeTarget "NetView" */ = {
			isa = XCConfigurationList;
			buildConfigurations = (
				9CC5D1AF19E8E0C20009BA43 /* Debug */,
				9CC5D1B019E8E0C20009BA43 /* Release */,
			);
			defaultConfigurationIsVisible = 0;
			defaultConfigurationName = Release;
		};
		9CC5D1B119E8E0C20009BA43 /* Build configuration list for PBXNativeTarget "NetViewTests" */ = {
			isa = XCConfigurationList;
			buildConfigurations = (
				9CC5D1B219E8E0C20009BA43 /* Debug */,
				9CC5D1B319E8E0C20009BA43 /* Release */,
			);
			defaultConfigurationIsVisible = 0;
			defaultConfigurationName = Release;
		};
/* End XCConfigurationList section */
	};
	rootObject = 9CC5D18919E8E0C20009BA43 /* Project object */;
}
